
Microsoft Visual Studio Solution File, Format Version 12.00
# Visual Studio Version 17
VisualStudioVersion = 17.0.31903.59
MinimumVisualStudioVersion = 10.0.40219.1
Project("{FAE04EC0-301F-11D3-BF4B-00C04F79EFBC}") = "ErpSystem.Domain", "ErpSystem.Domain\ErpSystem.Domain.csproj", "{11858B5D-192F-4E2A-820B-558476A93784}"
EndProject
Project("{FAE04EC0-301F-11D3-BF4B-00C04F79EFBC}") = "ErpSystem.Application", "ErpSystem.Application\ErpSystem.Application.csproj", "{9DB6FEB7-3E19-4A7A-A522-7A6DCADF5BCC}"
EndProject
Project("{FAE04EC0-301F-11D3-BF4B-00C04F79EFBC}") = "ErpSystem.Infrastructure", "ErpSystem.Infrastructure\ErpSystem.Infrastructure.csproj", "{AFB5C108-80FA-4231-AFEB-C0FF694993FA}"
EndProject
Project("{FAE04EC0-301F-11D3-BF4B-00C04F79EFBC}") = "ErpSystem.Api", "ErpSystem.API\ErpSystem.Api.csproj", "{DBE8D789-6172-456D-81C8-77A0C13B71A2}"
EndProject
Project("{FAE04EC0-301F-11D3-BF4B-00C04F79EFBC}") = "ErpSystem.Application.Tests", "ErpSystem.Application.Tests\ErpSystem.Application.Tests.csproj", "{2D84FB69-084F-4DCC-B308-0B68825C99BA}"
EndProject
Project("{FAE04EC0-301F-11D3-BF4B-00C04F79EFBC}") = "ErpSystem.Domain.Tests", "ErpSystem.Domain.Tests\ErpSystem.Domain.Tests.csproj", "{92DE874D-6B17-468E-A738-B384B2C82753}"
EndProject
Global
	GlobalSection(SolutionConfigurationPlatforms) = preSolution
		Debug|Any CPU = Debug|Any CPU
		Release|Any CPU = Release|Any CPU
	EndGlobalSection
	GlobalSection(ProjectConfigurationPlatforms) = postSolution
		{11858B5D-192F-4E2A-820B-558476A93784}.Debug|Any CPU.ActiveCfg = Debug|Any CPU
		{11858B5D-192F-4E2A-820B-558476A93784}.Debug|Any CPU.Build.0 = Debug|Any CPU
		{11858B5D-192F-4E2A-820B-558476A93784}.Release|Any CPU.ActiveCfg = Release|Any CPU
		{11858B5D-192F-4E2A-820B-558476A93784}.Release|Any CPU.Build.0 = Release|Any CPU
		{9DB6FEB7-3E19-4A7A-A522-7A6DCADF5BCC}.Debug|Any CPU.ActiveCfg = Debug|Any CPU
		{9DB6FEB7-3E19-4A7A-A522-7A6DCADF5BCC}.Debug|Any CPU.Build.0 = Debug|Any CPU
		{9DB6FEB7-3E19-4A7A-A522-7A6DCADF5BCC}.Release|Any CPU.ActiveCfg = Release|Any CPU
		{9DB6FEB7-3E19-4A7A-A522-7A6DCADF5BCC}.Release|Any CPU.Build.0 = Release|Any CPU
		{AFB5C108-80FA-4231-AFEB-C0FF694993FA}.Debug|Any CPU.ActiveCfg = Debug|Any CPU
		{AFB5C108-80FA-4231-AFEB-C0FF694993FA}.Debug|Any CPU.Build.0 = Debug|Any CPU
		{AFB5C108-80FA-4231-AFEB-C0FF694993FA}.Release|Any CPU.ActiveCfg = Release|Any CPU
		{AFB5C108-80FA-4231-AFEB-C0FF694993FA}.Release|Any CPU.Build.0 = Release|Any CPU
		{DBE8D789-6172-456D-81C8-77A0C13B71A2}.Debug|Any CPU.ActiveCfg = Debug|Any CPU
		{DBE8D789-6172-456D-81C8-77A0C13B71A2}.Debug|Any CPU.Build.0 = Debug|Any CPU
		{DBE8D789-6172-456D-81C8-77A0C13B71A2}.Release|Any CPU.ActiveCfg = Release|Any CPU
		{DBE8D789-6172-456D-81C8-77A0C13B71A2}.Release|Any CPU.Build.0 = Release|Any CPU
		{2D84FB69-084F-4DCC-B308-0B68825C99BA}.Debug|Any CPU.ActiveCfg = Debug|Any CPU
		{2D84FB69-084F-4DCC-B308-0B68825C99BA}.Debug|Any CPU.Build.0 = Debug|Any CPU
		{2D84FB69-084F-4DCC-B308-0B68825C99BA}.Release|Any CPU.ActiveCfg = Release|Any CPU
		{2D84FB69-084F-4DCC-B308-0B68825C99BA}.Release|Any CPU.Build.0 = Release|Any CPU
		{92DE874D-6B17-468E-A738-B384B2C82753}.Debug|Any CPU.ActiveCfg = Debug|Any CPU
		{92DE874D-6B17-468E-A738-B384B2C82753}.Debug|Any CPU.Build.0 = Debug|Any CPU
		{92DE874D-6B17-468E-A738-B384B2C82753}.Release|Any CPU.ActiveCfg = Release|Any CPU
		{92DE874D-6B17-468E-A738-B384B2C82753}.Release|Any CPU.Build.0 = Release|Any CPU
	EndGlobalSection
	GlobalSection(SolutionProperties) = preSolution
		HideSolutionNode = FALSE
	EndGlobalSection
	GlobalSection(ExtensibilityGlobals) = postSolution
		SolutionGuid = {ABCE6B74-8F78-482A-8047-FE0391A8E536}
	EndGlobalSection
EndGlobal
